// !$*UTF8*$!
{
	archiveVersion = 1;
	classes = {
	};
	objectVersion = 56;
	objects = {

/* Begin PBXBuildFile section */
		049DAFD72AB4046B00671A1D /* Assets.xcassets in Resources */ = {isa = PBXBuildFile; fileRef = 049DAFD62AB4046B00671A1D /* Assets.xcassets */; };
		58A1C6EA2AB32DEB002350FF /* RegisterView.swift in Sources */ = {isa = PBXBuildFile; fileRef = 58A1C6E92AB32DEB002350FF /* RegisterView.swift */; };
		58A1C6EC2AB32EF8002350FF /* LoginView.swift in Sources */ = {isa = PBXBuildFile; fileRef = 58A1C6EB2AB32EF8002350FF /* LoginView.swift */; };

		786FC98C2AB771AE0016E4FF /* WixMadeforDisplay-Regular.ttf in Resources */ = {isa = PBXBuildFile; fileRef = 786FC98B2AB771AE0016E4FF /* WixMadeforDisplay-Regular.ttf */; };
		786FC9912AB772B50016E4FF /* WixMadeforDisplay-Medium.ttf in Resources */ = {isa = PBXBuildFile; fileRef = 786FC98D2AB772B40016E4FF /* WixMadeforDisplay-Medium.ttf */; };
		786FC9922AB772B50016E4FF /* WixMadeforDisplay-SemiBold.ttf in Resources */ = {isa = PBXBuildFile; fileRef = 786FC98E2AB772B40016E4FF /* WixMadeforDisplay-SemiBold.ttf */; };
		786FC9932AB772B50016E4FF /* WixMadeforDisplay-Bold.ttf in Resources */ = {isa = PBXBuildFile; fileRef = 786FC98F2AB772B40016E4FF /* WixMadeforDisplay-Bold.ttf */; };
		786FC9942AB772B50016E4FF /* WixMadeforDisplay-ExtraBold.ttf in Resources */ = {isa = PBXBuildFile; fileRef = 786FC9902AB772B40016E4FF /* WixMadeforDisplay-ExtraBold.ttf */; };
		788F942F2AB73BEC00163138 /* UIDevice.swift in Sources */ = {isa = PBXBuildFile; fileRef = 788F942E2AB73BEC00163138 /* UIDevice.swift */; };
		788F94322AB73D0400163138 /* Modifier.swift in Sources */ = {isa = PBXBuildFile; fileRef = 788F94312AB73D0400163138 /* Modifier.swift */; };

		58A1C6F32AB42755002350FF /* AuthViewModel.swift in Sources */ = {isa = PBXBuildFile; fileRef = 58A1C6F22AB42755002350FF /* AuthViewModel.swift */; };

		BC7481BA2AAAF3B400ABC993 /* CoinMarketApp.swift in Sources */ = {isa = PBXBuildFile; fileRef = BC7481B92AAAF3B400ABC993 /* CoinMarketApp.swift */; };
		BC7481BC2AAAF3B400ABC993 /* ContentView.swift in Sources */ = {isa = PBXBuildFile; fileRef = BC7481BB2AAAF3B400ABC993 /* ContentView.swift */; };
		BC7481C12AAAF3B500ABC993 /* Preview Assets.xcassets in Resources */ = {isa = PBXBuildFile; fileRef = BC7481C02AAAF3B500ABC993 /* Preview Assets.xcassets */; };
		BC7481CB2AAC6F7500ABC993 /* FirebaseAnalytics in Frameworks */ = {isa = PBXBuildFile; productRef = BC7481CA2AAC6F7500ABC993 /* FirebaseAnalytics */; };
		BC7481CD2AAC6F7500ABC993 /* FirebaseAuth in Frameworks */ = {isa = PBXBuildFile; productRef = BC7481CC2AAC6F7500ABC993 /* FirebaseAuth */; };
		BC7481CF2AAC6F7500ABC993 /* FirebaseFirestore in Frameworks */ = {isa = PBXBuildFile; productRef = BC7481CE2AAC6F7500ABC993 /* FirebaseFirestore */; };
		BC7481D12AAC6F7500ABC993 /* FirebaseStorage in Frameworks */ = {isa = PBXBuildFile; productRef = BC7481D02AAC6F7500ABC993 /* FirebaseStorage */; };
		BC7481D42AAD7CBF00ABC993 /* SplashView.swift in Sources */ = {isa = PBXBuildFile; fileRef = BC7481D32AAD7CBF00ABC993 /* SplashView.swift */; };
		BC7481D62AAD7D0500ABC993 /* HomeView.swift in Sources */ = {isa = PBXBuildFile; fileRef = BC7481D52AAD7D0500ABC993 /* HomeView.swift */; };
		BC7481D82AAD7D0E00ABC993 /* ProfileView.swift in Sources */ = {isa = PBXBuildFile; fileRef = BC7481D72AAD7D0E00ABC993 /* ProfileView.swift */; };
		BC7481DA2AAD7D6800ABC993 /* CryptoView.swift in Sources */ = {isa = PBXBuildFile; fileRef = BC7481D92AAD7D6800ABC993 /* CryptoView.swift */; };
		BC7481DC2AAD7D7800ABC993 /* WalletView.swift in Sources */ = {isa = PBXBuildFile; fileRef = BC7481DB2AAD7D7800ABC993 /* WalletView.swift */; };
		BC7481DE2AAD7DEA00ABC993 /* MainView.swift in Sources */ = {isa = PBXBuildFile; fileRef = BC7481DD2AAD7DEA00ABC993 /* MainView.swift */; };
		BC7481E02AAD877900ABC993 /* AddButtonCustomView.swift in Sources */ = {isa = PBXBuildFile; fileRef = BC7481DF2AAD877900ABC993 /* AddButtonCustomView.swift */; };
		BC7481E32AAD9AE500ABC993 /* AddCoinView.swift in Sources */ = {isa = PBXBuildFile; fileRef = BC7481E22AAD9AE500ABC993 /* AddCoinView.swift */; };
		BC7481E62AAF793000ABC993 /* Coin.swift in Sources */ = {isa = PBXBuildFile; fileRef = BC7481E52AAF793000ABC993 /* Coin.swift */; };
		BC7481E82AAF7A0600ABC993 /* CoinManager.swift in Sources */ = {isa = PBXBuildFile; fileRef = BC7481E72AAF7A0600ABC993 /* CoinManager.swift */; };
		BC7481EB2AB05CAE00ABC993 /* HomeViewModel.swift in Sources */ = {isa = PBXBuildFile; fileRef = BC7481EA2AB05CAE00ABC993 /* HomeViewModel.swift */; };
		BC7481EE2AB0600E00ABC993 /* PreviewProvider.swift in Sources */ = {isa = PBXBuildFile; fileRef = BC7481ED2AB0600E00ABC993 /* PreviewProvider.swift */; };
		BC7481F12AB0614F00ABC993 /* CoinRow.swift in Sources */ = {isa = PBXBuildFile; fileRef = BC7481F02AB0614F00ABC993 /* CoinRow.swift */; };
		BC7481F32AB1644C00ABC993 /* Color.swift in Sources */ = {isa = PBXBuildFile; fileRef = BC7481F22AB1644C00ABC993 /* Color.swift */; };
		BC7481F52AB1D05700ABC993 /* CoinDetailView.swift in Sources */ = {isa = PBXBuildFile; fileRef = BC7481F42AB1D05700ABC993 /* CoinDetailView.swift */; };
		BC7481F72AB1D29000ABC993 /* ChartView.swift in Sources */ = {isa = PBXBuildFile; fileRef = BC7481F62AB1D29000ABC993 /* ChartView.swift */; };
		BC7481F92AB316CD00ABC993 /* CryptoViewModel.swift in Sources */ = {isa = PBXBuildFile; fileRef = BC7481F82AB316CD00ABC993 /* CryptoViewModel.swift */; };
		BC7481FF2AB3FCCE00ABC993 /* GoogleService-Info.plist in Resources */ = {isa = PBXBuildFile; fileRef = BC7481FE2AB3FCCE00ABC993 /* GoogleService-Info.plist */; };
		BC7482012AB47C0E00ABC993 /* DetailViewModel.swift in Sources */ = {isa = PBXBuildFile; fileRef = BC7482002AB47C0E00ABC993 /* DetailViewModel.swift */; };
		BC7482032AB48B0000ABC993 /* BuyView.swift in Sources */ = {isa = PBXBuildFile; fileRef = BC7482022AB48B0000ABC993 /* BuyView.swift */; };
		BC7482052AB4B9D600ABC993 /* CustomKeyPad.swift in Sources */ = {isa = PBXBuildFile; fileRef = BC7482042AB4B9D600ABC993 /* CustomKeyPad.swift */; };
		BC7482072AB7EA1000ABC993 /* Transaction.swift in Sources */ = {isa = PBXBuildFile; fileRef = BC7482062AB7EA1000ABC993 /* Transaction.swift */; };
		BC7482092AB7ED7600ABC993 /* BuyViewModel.swift in Sources */ = {isa = PBXBuildFile; fileRef = BC7482082AB7ED7600ABC993 /* BuyViewModel.swift */; };
		BC74820B2AB7EEC900ABC993 /* AppUser.swift in Sources */ = {isa = PBXBuildFile; fileRef = BC74820A2AB7EEC900ABC993 /* AppUser.swift */; };
		BC74820D2AB7F35C00ABC993 /* UserManager.swift in Sources */ = {isa = PBXBuildFile; fileRef = BC74820C2AB7F35C00ABC993 /* UserManager.swift */; };
/* End PBXBuildFile section */

/* Begin PBXFileReference section */
		049DAFD62AB4046B00671A1D /* Assets.xcassets */ = {isa = PBXFileReference; lastKnownFileType = folder.assetcatalog; path = Assets.xcassets; sourceTree = "<group>"; };
		58A1C6E92AB32DEB002350FF /* RegisterView.swift */ = {isa = PBXFileReference; lastKnownFileType = sourcecode.swift; path = RegisterView.swift; sourceTree = "<group>"; };
		58A1C6EB2AB32EF8002350FF /* LoginView.swift */ = {isa = PBXFileReference; lastKnownFileType = sourcecode.swift; path = LoginView.swift; sourceTree = "<group>"; };
		58A1C6ED2AB40137002350FF /* Info.plist */ = {isa = PBXFileReference; lastKnownFileType = text.plist; path = Info.plist; sourceTree = "<group>"; };

		786FC98B2AB771AE0016E4FF /* WixMadeforDisplay-Regular.ttf */ = {isa = PBXFileReference; lastKnownFileType = file; path = "WixMadeforDisplay-Regular.ttf"; sourceTree = "<group>"; };
		786FC98D2AB772B40016E4FF /* WixMadeforDisplay-Medium.ttf */ = {isa = PBXFileReference; lastKnownFileType = file; path = "WixMadeforDisplay-Medium.ttf"; sourceTree = "<group>"; };
		786FC98E2AB772B40016E4FF /* WixMadeforDisplay-SemiBold.ttf */ = {isa = PBXFileReference; lastKnownFileType = file; path = "WixMadeforDisplay-SemiBold.ttf"; sourceTree = "<group>"; };
		786FC98F2AB772B40016E4FF /* WixMadeforDisplay-Bold.ttf */ = {isa = PBXFileReference; lastKnownFileType = file; path = "WixMadeforDisplay-Bold.ttf"; sourceTree = "<group>"; };
		786FC9902AB772B40016E4FF /* WixMadeforDisplay-ExtraBold.ttf */ = {isa = PBXFileReference; lastKnownFileType = file; path = "WixMadeforDisplay-ExtraBold.ttf"; sourceTree = "<group>"; };
		788F942E2AB73BEC00163138 /* UIDevice.swift */ = {isa = PBXFileReference; lastKnownFileType = sourcecode.swift; path = UIDevice.swift; sourceTree = "<group>"; };
		788F94312AB73D0400163138 /* Modifier.swift */ = {isa = PBXFileReference; lastKnownFileType = sourcecode.swift; path = Modifier.swift; sourceTree = "<group>"; };

		58A1C6F22AB42755002350FF /* AuthViewModel.swift */ = {isa = PBXFileReference; lastKnownFileType = sourcecode.swift; path = AuthViewModel.swift; sourceTree = "<group>"; };

		BC7481B62AAAF3B400ABC993 /* CoinMarket.app */ = {isa = PBXFileReference; explicitFileType = wrapper.application; includeInIndex = 0; path = CoinMarket.app; sourceTree = BUILT_PRODUCTS_DIR; };
		BC7481B92AAAF3B400ABC993 /* CoinMarketApp.swift */ = {isa = PBXFileReference; lastKnownFileType = sourcecode.swift; path = CoinMarketApp.swift; sourceTree = "<group>"; };
		BC7481BB2AAAF3B400ABC993 /* ContentView.swift */ = {isa = PBXFileReference; lastKnownFileType = sourcecode.swift; path = ContentView.swift; sourceTree = "<group>"; };
		BC7481C02AAAF3B500ABC993 /* Preview Assets.xcassets */ = {isa = PBXFileReference; lastKnownFileType = folder.assetcatalog; path = "Preview Assets.xcassets"; sourceTree = "<group>"; };
		BC7481D32AAD7CBF00ABC993 /* SplashView.swift */ = {isa = PBXFileReference; lastKnownFileType = sourcecode.swift; path = SplashView.swift; sourceTree = "<group>"; };
		BC7481D52AAD7D0500ABC993 /* HomeView.swift */ = {isa = PBXFileReference; lastKnownFileType = sourcecode.swift; path = HomeView.swift; sourceTree = "<group>"; };
		BC7481D72AAD7D0E00ABC993 /* ProfileView.swift */ = {isa = PBXFileReference; lastKnownFileType = sourcecode.swift; path = ProfileView.swift; sourceTree = "<group>"; };
		BC7481D92AAD7D6800ABC993 /* CryptoView.swift */ = {isa = PBXFileReference; lastKnownFileType = sourcecode.swift; path = CryptoView.swift; sourceTree = "<group>"; };
		BC7481DB2AAD7D7800ABC993 /* WalletView.swift */ = {isa = PBXFileReference; lastKnownFileType = sourcecode.swift; path = WalletView.swift; sourceTree = "<group>"; };
		BC7481DD2AAD7DEA00ABC993 /* MainView.swift */ = {isa = PBXFileReference; lastKnownFileType = sourcecode.swift; path = MainView.swift; sourceTree = "<group>"; };
		BC7481DF2AAD877900ABC993 /* AddButtonCustomView.swift */ = {isa = PBXFileReference; lastKnownFileType = sourcecode.swift; path = AddButtonCustomView.swift; sourceTree = "<group>"; };
		BC7481E22AAD9AE500ABC993 /* AddCoinView.swift */ = {isa = PBXFileReference; lastKnownFileType = sourcecode.swift; path = AddCoinView.swift; sourceTree = "<group>"; };
		BC7481E52AAF793000ABC993 /* Coin.swift */ = {isa = PBXFileReference; lastKnownFileType = sourcecode.swift; path = Coin.swift; sourceTree = "<group>"; };
		BC7481E72AAF7A0600ABC993 /* CoinManager.swift */ = {isa = PBXFileReference; lastKnownFileType = sourcecode.swift; path = CoinManager.swift; sourceTree = "<group>"; };
		BC7481EA2AB05CAE00ABC993 /* HomeViewModel.swift */ = {isa = PBXFileReference; lastKnownFileType = sourcecode.swift; path = HomeViewModel.swift; sourceTree = "<group>"; };
		BC7481ED2AB0600E00ABC993 /* PreviewProvider.swift */ = {isa = PBXFileReference; lastKnownFileType = sourcecode.swift; path = PreviewProvider.swift; sourceTree = "<group>"; };
		BC7481F02AB0614F00ABC993 /* CoinRow.swift */ = {isa = PBXFileReference; lastKnownFileType = sourcecode.swift; path = CoinRow.swift; sourceTree = "<group>"; };
		BC7481F22AB1644C00ABC993 /* Color.swift */ = {isa = PBXFileReference; lastKnownFileType = sourcecode.swift; path = Color.swift; sourceTree = "<group>"; };
		BC7481F42AB1D05700ABC993 /* CoinDetailView.swift */ = {isa = PBXFileReference; lastKnownFileType = sourcecode.swift; path = CoinDetailView.swift; sourceTree = "<group>"; };
		BC7481F62AB1D29000ABC993 /* ChartView.swift */ = {isa = PBXFileReference; lastKnownFileType = sourcecode.swift; path = ChartView.swift; sourceTree = "<group>"; };
		BC7481F82AB316CD00ABC993 /* CryptoViewModel.swift */ = {isa = PBXFileReference; lastKnownFileType = sourcecode.swift; path = CryptoViewModel.swift; sourceTree = "<group>"; };
		BC7481FE2AB3FCCE00ABC993 /* GoogleService-Info.plist */ = {isa = PBXFileReference; fileEncoding = 4; lastKnownFileType = text.plist.xml; path = "GoogleService-Info.plist"; sourceTree = "<group>"; };
		BC7482002AB47C0E00ABC993 /* DetailViewModel.swift */ = {isa = PBXFileReference; lastKnownFileType = sourcecode.swift; path = DetailViewModel.swift; sourceTree = "<group>"; };
		BC7482022AB48B0000ABC993 /* BuyView.swift */ = {isa = PBXFileReference; lastKnownFileType = sourcecode.swift; path = BuyView.swift; sourceTree = "<group>"; };
		BC7482042AB4B9D600ABC993 /* CustomKeyPad.swift */ = {isa = PBXFileReference; lastKnownFileType = sourcecode.swift; path = CustomKeyPad.swift; sourceTree = "<group>"; };
		BC7482062AB7EA1000ABC993 /* Transaction.swift */ = {isa = PBXFileReference; lastKnownFileType = sourcecode.swift; path = Transaction.swift; sourceTree = "<group>"; };
		BC7482082AB7ED7600ABC993 /* BuyViewModel.swift */ = {isa = PBXFileReference; lastKnownFileType = sourcecode.swift; path = BuyViewModel.swift; sourceTree = "<group>"; };
		BC74820A2AB7EEC900ABC993 /* AppUser.swift */ = {isa = PBXFileReference; lastKnownFileType = sourcecode.swift; path = AppUser.swift; sourceTree = "<group>"; };
		BC74820C2AB7F35C00ABC993 /* UserManager.swift */ = {isa = PBXFileReference; lastKnownFileType = sourcecode.swift; path = UserManager.swift; sourceTree = "<group>"; };
/* End PBXFileReference section */

/* Begin PBXFrameworksBuildPhase section */
		BC7481B32AAAF3B400ABC993 /* Frameworks */ = {
			isa = PBXFrameworksBuildPhase;
			buildActionMask = 2147483647;
			files = (
				BC7481CB2AAC6F7500ABC993 /* FirebaseAnalytics in Frameworks */,
				BC7481D12AAC6F7500ABC993 /* FirebaseStorage in Frameworks */,
				BC7481CD2AAC6F7500ABC993 /* FirebaseAuth in Frameworks */,
				BC7481CF2AAC6F7500ABC993 /* FirebaseFirestore in Frameworks */,
			);
			runOnlyForDeploymentPostprocessing = 0;
		};
/* End PBXFrameworksBuildPhase section */

/* Begin PBXGroup section */
		786FC98A2AB7719E0016E4FF /* Fonts */ = {
			isa = PBXGroup;
			children = (
				786FC98F2AB772B40016E4FF /* WixMadeforDisplay-Bold.ttf */,
				786FC9902AB772B40016E4FF /* WixMadeforDisplay-ExtraBold.ttf */,
				786FC98D2AB772B40016E4FF /* WixMadeforDisplay-Medium.ttf */,
				786FC98E2AB772B40016E4FF /* WixMadeforDisplay-SemiBold.ttf */,
				786FC98B2AB771AE0016E4FF /* WixMadeforDisplay-Regular.ttf */,
			);
			path = Fonts;
			sourceTree = "<group>";
		};
		788F94302AB73CF000163138 /* Helper */ = {
			isa = PBXGroup;
			children = (
				788F94312AB73D0400163138 /* Modifier.swift */,
			);
			path = Helper;
			sourceTree = "<group>";
		};
		BC7481AD2AAAF3B400ABC993 = {
			isa = PBXGroup;
			children = (
				BC7481B82AAAF3B400ABC993 /* CoinMarket */,
				BC7481B72AAAF3B400ABC993 /* Products */,
			);
			sourceTree = "<group>";
		};
		BC7481B72AAAF3B400ABC993 /* Products */ = {
			isa = PBXGroup;
			children = (
				BC7481B62AAAF3B400ABC993 /* CoinMarket.app */,
			);
			name = Products;
			sourceTree = "<group>";
		};
		BC7481B82AAAF3B400ABC993 /* CoinMarket */ = {
			isa = PBXGroup;
			children = (
				786FC98A2AB7719E0016E4FF /* Fonts */,
				788F94302AB73CF000163138 /* Helper */,
				58A1C6ED2AB40137002350FF /* Info.plist */,
				BC7481EC2AB05FAC00ABC993 /* Extension */,
				BC7481E42AAF791700ABC993 /* Model */,
				BC7481E92AB05C8600ABC993 /* ViewModel */,
				BC7481D22AAD7CB300ABC993 /* View */,
				BC7481B92AAAF3B400ABC993 /* CoinMarketApp.swift */,
				BC7481BB2AAAF3B400ABC993 /* ContentView.swift */,
				049DAFD62AB4046B00671A1D /* Assets.xcassets */,
				BC7481FE2AB3FCCE00ABC993 /* GoogleService-Info.plist */,
				BC7481BF2AAAF3B500ABC993 /* Preview Content */,
			);
			path = CoinMarket;
			sourceTree = "<group>";
		};
		BC7481BF2AAAF3B500ABC993 /* Preview Content */ = {
			isa = PBXGroup;
			children = (
				BC7481C02AAAF3B500ABC993 /* Preview Assets.xcassets */,
			);
			path = "Preview Content";
			sourceTree = "<group>";
		};
		BC7481D22AAD7CB300ABC993 /* View */ = {
			isa = PBXGroup;
			children = (
				BC7481EF2AB0614400ABC993 /* Components */,
				BC7481E12AAD9AD400ABC993 /* CustomView */,
				BC7481D32AAD7CBF00ABC993 /* SplashView.swift */,
				58A1C6EB2AB32EF8002350FF /* LoginView.swift */,
				58A1C6E92AB32DEB002350FF /* RegisterView.swift */,
				BC7481D52AAD7D0500ABC993 /* HomeView.swift */,
				BC7481D72AAD7D0E00ABC993 /* ProfileView.swift */,
				BC7481D92AAD7D6800ABC993 /* CryptoView.swift */,
				BC7481DB2AAD7D7800ABC993 /* WalletView.swift */,
				BC7481DD2AAD7DEA00ABC993 /* MainView.swift */,
				BC7481DF2AAD877900ABC993 /* AddButtonCustomView.swift */,
				BC7481F42AB1D05700ABC993 /* CoinDetailView.swift */,
				BC7482022AB48B0000ABC993 /* BuyView.swift */,
			);
			path = View;
			sourceTree = "<group>";
		};
		BC7481E12AAD9AD400ABC993 /* CustomView */ = {
			isa = PBXGroup;
			children = (
				BC7481E22AAD9AE500ABC993 /* AddCoinView.swift */,
			);
			path = CustomView;
			sourceTree = "<group>";
		};
		BC7481E42AAF791700ABC993 /* Model */ = {
			isa = PBXGroup;
			children = (
				BC7481E52AAF793000ABC993 /* Coin.swift */,
				BC7481E72AAF7A0600ABC993 /* CoinManager.swift */,
				BC7482062AB7EA1000ABC993 /* Transaction.swift */,
				BC74820A2AB7EEC900ABC993 /* AppUser.swift */,
				BC74820C2AB7F35C00ABC993 /* UserManager.swift */,
			);
			path = Model;
			sourceTree = "<group>";
		};
		BC7481E92AB05C8600ABC993 /* ViewModel */ = {
			isa = PBXGroup;
			children = (
				BC7481EA2AB05CAE00ABC993 /* HomeViewModel.swift */,
				BC7481F82AB316CD00ABC993 /* CryptoViewModel.swift */,
				58A1C6F22AB42755002350FF /* AuthViewModel.swift */,
				BC7482002AB47C0E00ABC993 /* DetailViewModel.swift */,
				BC7482082AB7ED7600ABC993 /* BuyViewModel.swift */,
			);
			path = ViewModel;
			sourceTree = "<group>";
		};
		BC7481EC2AB05FAC00ABC993 /* Extension */ = {
			isa = PBXGroup;
			children = (
				BC7481ED2AB0600E00ABC993 /* PreviewProvider.swift */,
				BC7481F22AB1644C00ABC993 /* Color.swift */,
				788F942E2AB73BEC00163138 /* UIDevice.swift */,
			);
			path = Extension;
			sourceTree = "<group>";
		};
		BC7481EF2AB0614400ABC993 /* Components */ = {
			isa = PBXGroup;
			children = (
				BC7481F02AB0614F00ABC993 /* CoinRow.swift */,
				BC7481F62AB1D29000ABC993 /* ChartView.swift */,
				BC7482042AB4B9D600ABC993 /* CustomKeyPad.swift */,
			);
			path = Components;
			sourceTree = "<group>";
		};
/* End PBXGroup section */

/* Begin PBXNativeTarget section */
		BC7481B52AAAF3B400ABC993 /* CoinMarket */ = {
			isa = PBXNativeTarget;
			buildConfigurationList = BC7481C42AAAF3B500ABC993 /* Build configuration list for PBXNativeTarget "CoinMarket" */;
			buildPhases = (
				BC7481B22AAAF3B400ABC993 /* Sources */,
				BC7481B32AAAF3B400ABC993 /* Frameworks */,
				BC7481B42AAAF3B400ABC993 /* Resources */,
			);
			buildRules = (
			);
			dependencies = (
			);
			name = CoinMarket;
			packageProductDependencies = (
				BC7481CA2AAC6F7500ABC993 /* FirebaseAnalytics */,
				BC7481CC2AAC6F7500ABC993 /* FirebaseAuth */,
				BC7481CE2AAC6F7500ABC993 /* FirebaseFirestore */,
				BC7481D02AAC6F7500ABC993 /* FirebaseStorage */,
			);
			productName = CoinMarket;
			productReference = BC7481B62AAAF3B400ABC993 /* CoinMarket.app */;
			productType = "com.apple.product-type.application";
		};
/* End PBXNativeTarget section */

/* Begin PBXProject section */
		BC7481AE2AAAF3B400ABC993 /* Project object */ = {
			isa = PBXProject;
			attributes = {
				BuildIndependentTargetsInParallel = 1;
				LastSwiftUpdateCheck = 1430;
				LastUpgradeCheck = 1430;
				TargetAttributes = {
					BC7481B52AAAF3B400ABC993 = {
						CreatedOnToolsVersion = 14.3.1;
					};
				};
			};
			buildConfigurationList = BC7481B12AAAF3B400ABC993 /* Build configuration list for PBXProject "CoinMarket" */;
			compatibilityVersion = "Xcode 14.0";
			developmentRegion = en;
			hasScannedForEncodings = 0;
			knownRegions = (
				en,
				Base,
			);
			mainGroup = BC7481AD2AAAF3B400ABC993;
			packageReferences = (
				BC7481C92AAC6F7500ABC993 /* XCRemoteSwiftPackageReference "firebase-ios-sdk" */,
			);
			productRefGroup = BC7481B72AAAF3B400ABC993 /* Products */;
			projectDirPath = "";
			projectRoot = "";
			targets = (
				BC7481B52AAAF3B400ABC993 /* CoinMarket */,
			);
		};
/* End PBXProject section */

/* Begin PBXResourcesBuildPhase section */
		BC7481B42AAAF3B400ABC993 /* Resources */ = {
			isa = PBXResourcesBuildPhase;
			buildActionMask = 2147483647;
			files = (
				786FC9932AB772B50016E4FF /* WixMadeforDisplay-Bold.ttf in Resources */,
				786FC9942AB772B50016E4FF /* WixMadeforDisplay-ExtraBold.ttf in Resources */,
				786FC98C2AB771AE0016E4FF /* WixMadeforDisplay-Regular.ttf in Resources */,
				BC7481C12AAAF3B500ABC993 /* Preview Assets.xcassets in Resources */,
				786FC9922AB772B50016E4FF /* WixMadeforDisplay-SemiBold.ttf in Resources */,
				049DAFD72AB4046B00671A1D /* Assets.xcassets in Resources */,
				BC7481FF2AB3FCCE00ABC993 /* GoogleService-Info.plist in Resources */,
				786FC9912AB772B50016E4FF /* WixMadeforDisplay-Medium.ttf in Resources */,
			);
			runOnlyForDeploymentPostprocessing = 0;
		};
/* End PBXResourcesBuildPhase section */

/* Begin PBXSourcesBuildPhase section */
		BC7481B22AAAF3B400ABC993 /* Sources */ = {
			isa = PBXSourcesBuildPhase;
			buildActionMask = 2147483647;
			files = (

				788F942F2AB73BEC00163138 /* UIDevice.swift in Sources */,

				BC74820B2AB7EEC900ABC993 /* AppUser.swift in Sources */,

				BC7481BC2AAAF3B400ABC993 /* ContentView.swift in Sources */,
				BC7482032AB48B0000ABC993 /* BuyView.swift in Sources */,
				58A1C6EA2AB32DEB002350FF /* RegisterView.swift in Sources */,
				BC7482092AB7ED7600ABC993 /* BuyViewModel.swift in Sources */,
				BC7481DE2AAD7DEA00ABC993 /* MainView.swift in Sources */,
				BC7481D62AAD7D0500ABC993 /* HomeView.swift in Sources */,
				BC74820D2AB7F35C00ABC993 /* UserManager.swift in Sources */,
				BC7481F52AB1D05700ABC993 /* CoinDetailView.swift in Sources */,
				BC7481F92AB316CD00ABC993 /* CryptoViewModel.swift in Sources */,
				788F94322AB73D0400163138 /* Modifier.swift in Sources */,
				BC7481F12AB0614F00ABC993 /* CoinRow.swift in Sources */,
				BC7481F72AB1D29000ABC993 /* ChartView.swift in Sources */,
				BC7481E32AAD9AE500ABC993 /* AddCoinView.swift in Sources */,
				BC7482012AB47C0E00ABC993 /* DetailViewModel.swift in Sources */,
				BC7481F32AB1644C00ABC993 /* Color.swift in Sources */,
				BC7481D82AAD7D0E00ABC993 /* ProfileView.swift in Sources */,
				BC7481EE2AB0600E00ABC993 /* PreviewProvider.swift in Sources */,
				BC7481DC2AAD7D7800ABC993 /* WalletView.swift in Sources */,
				BC7481BA2AAAF3B400ABC993 /* CoinMarketApp.swift in Sources */,
				BC7481D42AAD7CBF00ABC993 /* SplashView.swift in Sources */,
				58A1C6EC2AB32EF8002350FF /* LoginView.swift in Sources */,
				BC7482072AB7EA1000ABC993 /* Transaction.swift in Sources */,
				BC7481EB2AB05CAE00ABC993 /* HomeViewModel.swift in Sources */,
				BC7481E82AAF7A0600ABC993 /* CoinManager.swift in Sources */,
				58A1C6F32AB42755002350FF /* AuthViewModel.swift in Sources */,
				BC7481DA2AAD7D6800ABC993 /* CryptoView.swift in Sources */,
				BC7481E62AAF793000ABC993 /* Coin.swift in Sources */,
				BC7482052AB4B9D600ABC993 /* CustomKeyPad.swift in Sources */,
				BC7481E02AAD877900ABC993 /* AddButtonCustomView.swift in Sources */,
			);
			runOnlyForDeploymentPostprocessing = 0;
		};
/* End PBXSourcesBuildPhase section */

/* Begin XCBuildConfiguration section */
		BC7481C22AAAF3B500ABC993 /* Debug */ = {
			isa = XCBuildConfiguration;
			buildSettings = {
				ALWAYS_SEARCH_USER_PATHS = NO;
				CLANG_ANALYZER_NONNULL = YES;
				CLANG_ANALYZER_NUMBER_OBJECT_CONVERSION = YES_AGGRESSIVE;
				CLANG_CXX_LANGUAGE_STANDARD = "gnu++20";
				CLANG_ENABLE_MODULES = YES;
				CLANG_ENABLE_OBJC_ARC = YES;
				CLANG_ENABLE_OBJC_WEAK = YES;
				CLANG_WARN_BLOCK_CAPTURE_AUTORELEASING = YES;
				CLANG_WARN_BOOL_CONVERSION = YES;
				CLANG_WARN_COMMA = YES;
				CLANG_WARN_CONSTANT_CONVERSION = YES;
				CLANG_WARN_DEPRECATED_OBJC_IMPLEMENTATIONS = YES;
				CLANG_WARN_DIRECT_OBJC_ISA_USAGE = YES_ERROR;
				CLANG_WARN_DOCUMENTATION_COMMENTS = YES;
				CLANG_WARN_EMPTY_BODY = YES;
				CLANG_WARN_ENUM_CONVERSION = YES;
				CLANG_WARN_INFINITE_RECURSION = YES;
				CLANG_WARN_INT_CONVERSION = YES;
				CLANG_WARN_NON_LITERAL_NULL_CONVERSION = YES;
				CLANG_WARN_OBJC_IMPLICIT_RETAIN_SELF = YES;
				CLANG_WARN_OBJC_LITERAL_CONVERSION = YES;
				CLANG_WARN_OBJC_ROOT_CLASS = YES_ERROR;
				CLANG_WARN_QUOTED_INCLUDE_IN_FRAMEWORK_HEADER = YES;
				CLANG_WARN_RANGE_LOOP_ANALYSIS = YES;
				CLANG_WARN_STRICT_PROTOTYPES = YES;
				CLANG_WARN_SUSPICIOUS_MOVE = YES;
				CLANG_WARN_UNGUARDED_AVAILABILITY = YES_AGGRESSIVE;
				CLANG_WARN_UNREACHABLE_CODE = YES;
				CLANG_WARN__DUPLICATE_METHOD_MATCH = YES;
				COPY_PHASE_STRIP = NO;
				DEBUG_INFORMATION_FORMAT = dwarf;
				ENABLE_STRICT_OBJC_MSGSEND = YES;
				ENABLE_TESTABILITY = YES;
				GCC_C_LANGUAGE_STANDARD = gnu11;
				GCC_DYNAMIC_NO_PIC = NO;
				GCC_NO_COMMON_BLOCKS = YES;
				GCC_OPTIMIZATION_LEVEL = 0;
				GCC_PREPROCESSOR_DEFINITIONS = (
					"DEBUG=1",
					"$(inherited)",
				);
				GCC_WARN_64_TO_32_BIT_CONVERSION = YES;
				GCC_WARN_ABOUT_RETURN_TYPE = YES_ERROR;
				GCC_WARN_UNDECLARED_SELECTOR = YES;
				GCC_WARN_UNINITIALIZED_AUTOS = YES_AGGRESSIVE;
				GCC_WARN_UNUSED_FUNCTION = YES;
				GCC_WARN_UNUSED_VARIABLE = YES;
				IPHONEOS_DEPLOYMENT_TARGET = 16.4;
				MTL_ENABLE_DEBUG_INFO = INCLUDE_SOURCE;
				MTL_FAST_MATH = YES;
				ONLY_ACTIVE_ARCH = YES;
				SDKROOT = iphoneos;
				SWIFT_ACTIVE_COMPILATION_CONDITIONS = DEBUG;
				SWIFT_OPTIMIZATION_LEVEL = "-Onone";
			};
			name = Debug;
		};
		BC7481C32AAAF3B500ABC993 /* Release */ = {
			isa = XCBuildConfiguration;
			buildSettings = {
				ALWAYS_SEARCH_USER_PATHS = NO;
				CLANG_ANALYZER_NONNULL = YES;
				CLANG_ANALYZER_NUMBER_OBJECT_CONVERSION = YES_AGGRESSIVE;
				CLANG_CXX_LANGUAGE_STANDARD = "gnu++20";
				CLANG_ENABLE_MODULES = YES;
				CLANG_ENABLE_OBJC_ARC = YES;
				CLANG_ENABLE_OBJC_WEAK = YES;
				CLANG_WARN_BLOCK_CAPTURE_AUTORELEASING = YES;
				CLANG_WARN_BOOL_CONVERSION = YES;
				CLANG_WARN_COMMA = YES;
				CLANG_WARN_CONSTANT_CONVERSION = YES;
				CLANG_WARN_DEPRECATED_OBJC_IMPLEMENTATIONS = YES;
				CLANG_WARN_DIRECT_OBJC_ISA_USAGE = YES_ERROR;
				CLANG_WARN_DOCUMENTATION_COMMENTS = YES;
				CLANG_WARN_EMPTY_BODY = YES;
				CLANG_WARN_ENUM_CONVERSION = YES;
				CLANG_WARN_INFINITE_RECURSION = YES;
				CLANG_WARN_INT_CONVERSION = YES;
				CLANG_WARN_NON_LITERAL_NULL_CONVERSION = YES;
				CLANG_WARN_OBJC_IMPLICIT_RETAIN_SELF = YES;
				CLANG_WARN_OBJC_LITERAL_CONVERSION = YES;
				CLANG_WARN_OBJC_ROOT_CLASS = YES_ERROR;
				CLANG_WARN_QUOTED_INCLUDE_IN_FRAMEWORK_HEADER = YES;
				CLANG_WARN_RANGE_LOOP_ANALYSIS = YES;
				CLANG_WARN_STRICT_PROTOTYPES = YES;
				CLANG_WARN_SUSPICIOUS_MOVE = YES;
				CLANG_WARN_UNGUARDED_AVAILABILITY = YES_AGGRESSIVE;
				CLANG_WARN_UNREACHABLE_CODE = YES;
				CLANG_WARN__DUPLICATE_METHOD_MATCH = YES;
				COPY_PHASE_STRIP = NO;
				DEBUG_INFORMATION_FORMAT = "dwarf-with-dsym";
				ENABLE_NS_ASSERTIONS = NO;
				ENABLE_STRICT_OBJC_MSGSEND = YES;
				GCC_C_LANGUAGE_STANDARD = gnu11;
				GCC_NO_COMMON_BLOCKS = YES;
				GCC_WARN_64_TO_32_BIT_CONVERSION = YES;
				GCC_WARN_ABOUT_RETURN_TYPE = YES_ERROR;
				GCC_WARN_UNDECLARED_SELECTOR = YES;
				GCC_WARN_UNINITIALIZED_AUTOS = YES_AGGRESSIVE;
				GCC_WARN_UNUSED_FUNCTION = YES;
				GCC_WARN_UNUSED_VARIABLE = YES;
				IPHONEOS_DEPLOYMENT_TARGET = 16.4;
				MTL_ENABLE_DEBUG_INFO = NO;
				MTL_FAST_MATH = YES;
				SDKROOT = iphoneos;
				SWIFT_COMPILATION_MODE = wholemodule;
				SWIFT_OPTIMIZATION_LEVEL = "-O";
				VALIDATE_PRODUCT = YES;
			};
			name = Release;
		};
		BC7481C52AAAF3B500ABC993 /* Debug */ = {
			isa = XCBuildConfiguration;
			buildSettings = {
				ASSETCATALOG_COMPILER_APPICON_NAME = AppIcon;
				ASSETCATALOG_COMPILER_GLOBAL_ACCENT_COLOR_NAME = AccentColor;
				CODE_SIGN_STYLE = Automatic;
				CURRENT_PROJECT_VERSION = 1;
				DEVELOPMENT_ASSET_PATHS = "\"CoinMarket/Preview Content\"";
				DEVELOPMENT_TEAM = 8U646G56Y3;
				ENABLE_PREVIEWS = YES;
				GENERATE_INFOPLIST_FILE = YES;
				INFOPLIST_FILE = CoinMarket/Info.plist;
				INFOPLIST_KEY_UIApplicationSceneManifest_Generation = YES;
				INFOPLIST_KEY_UIApplicationSupportsIndirectInputEvents = YES;
				INFOPLIST_KEY_UILaunchScreen_Generation = YES;
				INFOPLIST_KEY_UISupportedInterfaceOrientations_iPad = "UIInterfaceOrientationPortrait UIInterfaceOrientationPortraitUpsideDown UIInterfaceOrientationLandscapeLeft UIInterfaceOrientationLandscapeRight";
				INFOPLIST_KEY_UISupportedInterfaceOrientations_iPhone = "UIInterfaceOrientationPortrait UIInterfaceOrientationLandscapeLeft UIInterfaceOrientationLandscapeRight";
				LD_RUNPATH_SEARCH_PATHS = (
					"$(inherited)",
					"@executable_path/Frameworks",
				);
				MARKETING_VERSION = 1.0;
				PRODUCT_BUNDLE_IDENTIFIER = com.oceansoftware.CoinMarket;
				PRODUCT_NAME = "$(TARGET_NAME)";
				SWIFT_EMIT_LOC_STRINGS = YES;
				SWIFT_VERSION = 5.0;
				TARGETED_DEVICE_FAMILY = "1,2";
			};
			name = Debug;
		};
		BC7481C62AAAF3B500ABC993 /* Release */ = {
			isa = XCBuildConfiguration;
			buildSettings = {
				ASSETCATALOG_COMPILER_APPICON_NAME = AppIcon;
				ASSETCATALOG_COMPILER_GLOBAL_ACCENT_COLOR_NAME = AccentColor;
				CODE_SIGN_STYLE = Automatic;
				CURRENT_PROJECT_VERSION = 1;
				DEVELOPMENT_ASSET_PATHS = "\"CoinMarket/Preview Content\"";
				DEVELOPMENT_TEAM = 8U646G56Y3;
				ENABLE_PREVIEWS = YES;
				GENERATE_INFOPLIST_FILE = YES;
				INFOPLIST_FILE = CoinMarket/Info.plist;
				INFOPLIST_KEY_UIApplicationSceneManifest_Generation = YES;
				INFOPLIST_KEY_UIApplicationSupportsIndirectInputEvents = YES;
				INFOPLIST_KEY_UILaunchScreen_Generation = YES;
				INFOPLIST_KEY_UISupportedInterfaceOrientations_iPad = "UIInterfaceOrientationPortrait UIInterfaceOrientationPortraitUpsideDown UIInterfaceOrientationLandscapeLeft UIInterfaceOrientationLandscapeRight";
				INFOPLIST_KEY_UISupportedInterfaceOrientations_iPhone = "UIInterfaceOrientationPortrait UIInterfaceOrientationLandscapeLeft UIInterfaceOrientationLandscapeRight";
				LD_RUNPATH_SEARCH_PATHS = (
					"$(inherited)",
					"@executable_path/Frameworks",
				);
				MARKETING_VERSION = 1.0;
				PRODUCT_BUNDLE_IDENTIFIER = com.oceansoftware.CoinMarket;
				PRODUCT_NAME = "$(TARGET_NAME)";
				SWIFT_EMIT_LOC_STRINGS = YES;
				SWIFT_VERSION = 5.0;
				TARGETED_DEVICE_FAMILY = "1,2";
			};
			name = Release;
		};
/* End XCBuildConfiguration section */

/* Begin XCConfigurationList section */
		BC7481B12AAAF3B400ABC993 /* Build configuration list for PBXProject "CoinMarket" */ = {
			isa = XCConfigurationList;
			buildConfigurations = (
				BC7481C22AAAF3B500ABC993 /* Debug */,
				BC7481C32AAAF3B500ABC993 /* Release */,
			);
			defaultConfigurationIsVisible = 0;
			defaultConfigurationName = Release;
		};
		BC7481C42AAAF3B500ABC993 /* Build configuration list for PBXNativeTarget "CoinMarket" */ = {
			isa = XCConfigurationList;
			buildConfigurations = (
				BC7481C52AAAF3B500ABC993 /* Debug */,
				BC7481C62AAAF3B500ABC993 /* Release */,
			);
			defaultConfigurationIsVisible = 0;
			defaultConfigurationName = Release;
		};
/* End XCConfigurationList section */

/* Begin XCRemoteSwiftPackageReference section */
		BC7481C92AAC6F7500ABC993 /* XCRemoteSwiftPackageReference "firebase-ios-sdk" */ = {
			isa = XCRemoteSwiftPackageReference;
			repositoryURL = "https://github.com/firebase/firebase-ios-sdk";
			requirement = {
				kind = upToNextMajorVersion;
				minimumVersion = 10.0.0;
			};
		};
/* End XCRemoteSwiftPackageReference section */

/* Begin XCSwiftPackageProductDependency section */
		BC7481CA2AAC6F7500ABC993 /* FirebaseAnalytics */ = {
			isa = XCSwiftPackageProductDependency;
			package = BC7481C92AAC6F7500ABC993 /* XCRemoteSwiftPackageReference "firebase-ios-sdk" */;
			productName = FirebaseAnalytics;
		};
		BC7481CC2AAC6F7500ABC993 /* FirebaseAuth */ = {
			isa = XCSwiftPackageProductDependency;
			package = BC7481C92AAC6F7500ABC993 /* XCRemoteSwiftPackageReference "firebase-ios-sdk" */;
			productName = FirebaseAuth;
		};
		BC7481CE2AAC6F7500ABC993 /* FirebaseFirestore */ = {
			isa = XCSwiftPackageProductDependency;
			package = BC7481C92AAC6F7500ABC993 /* XCRemoteSwiftPackageReference "firebase-ios-sdk" */;
			productName = FirebaseFirestore;
		};
		BC7481D02AAC6F7500ABC993 /* FirebaseStorage */ = {
			isa = XCSwiftPackageProductDependency;
			package = BC7481C92AAC6F7500ABC993 /* XCRemoteSwiftPackageReference "firebase-ios-sdk" */;
			productName = FirebaseStorage;
		};
/* End XCSwiftPackageProductDependency section */
	};
	rootObject = BC7481AE2AAAF3B400ABC993 /* Project object */;
}
